
Microsoft Visual Studio Solution File, Format Version 12.00
# Visual Studio Version 17
VisualStudioVersion = 17.2.32616.157
MinimumVisualStudioVersion = 10.0.40219.1
Project("{FAE04EC0-301F-11D3-BF4B-00C04F79EFBC}") = "Triangle Drawing", "Triangle Drawing.csproj", "{67C16944-34F2-4169-8122-E3CE2E6EF791}"
EndProject
Global
	GlobalSection(SolutionConfigurationPlatforms) = preSolution
		Debug|Any CPU = Debug|Any CPU
		Release|Any CPU = Release|Any CPU
	EndGlobalSection
	GlobalSection(ProjectConfigurationPlatforms) = postSolution
		{67C16944-34F2-4169-8122-E3CE2E6EF791}.Debug|Any CPU.ActiveCfg = Debug|Any CPU
		{67C16944-34F2-4169-8122-E3CE2E6EF791}.Debug|Any CPU.Build.0 = Debug|Any CPU
		{67C16944-34F2-4169-8122-E3CE2E6EF791}.Release|Any CPU.ActiveCfg = Release|Any CPU
		{67C16944-34F2-4169-8122-E3CE2E6EF791}.Release|Any CPU.Build.0 = Release|Any CPU
	EndGlobalSection
	GlobalSection(SolutionProperties) = preSolution
		HideSolutionNode = FALSE
	EndGlobalSection
	GlobalSection(ExtensibilityGlobals) = postSolution
		SolutionGuid = {A9D10242-AB48-408A-B042-A227C6AEFCF2}
	EndGlobalSection
EndGlobal
